
Microsoft Visual Studio Solution File, Format Version 12.00
# Visual Studio Version 17
VisualStudioVersion = 17.11.35327.3
MinimumVisualStudioVersion = 10.0.40219.1
Project("{FAE04EC0-301F-11D3-BF4B-00C04F79EFBC}") = "ExpenseTracker", "ExpenseTracker\ExpenseTracker.csproj", "{FF2839A7-22B5-44EF-860E-8809388C30D6}"
EndProject
Project("{FAE04EC0-301F-11D3-BF4B-00C04F79EFBC}") = "ExpensesAPI", "ExpensesAPI\ExpensesAPI.csproj", "{70E0E2BE-B346-4AFF-83BA-79E078203A39}"
EndProject
Project("{FAE04EC0-301F-11D3-BF4B-00C04F79EFBC}") = "ExpensesAPI.Tests", "ExpensesAPI.Tests\ExpensesAPI.Tests.csproj", "{091BA36D-3FF4-4B57-B293-0D2AC8624CE4}"
EndProject
Project("{2150E333-8FDC-42A3-9474-1A3956D46DE8}") = "Solution Items", "Solution Items", "{AD9BEDEB-5ED4-4D06-A567-D3D9E11453B4}"
	ProjectSection(SolutionItems) = preProject
		.gitignore = .gitignore
	EndProjectSection
EndProject
Global
	GlobalSection(SolutionConfigurationPlatforms) = preSolution
		Debug|Any CPU = Debug|Any CPU
		Release|Any CPU = Release|Any CPU
	EndGlobalSection
	GlobalSection(ProjectConfigurationPlatforms) = postSolution
		{FF2839A7-22B5-44EF-860E-8809388C30D6}.Debug|Any CPU.ActiveCfg = Debug|Any CPU
		{FF2839A7-22B5-44EF-860E-8809388C30D6}.Debug|Any CPU.Build.0 = Debug|Any CPU
		{FF2839A7-22B5-44EF-860E-8809388C30D6}.Release|Any CPU.ActiveCfg = Release|Any CPU
		{FF2839A7-22B5-44EF-860E-8809388C30D6}.Release|Any CPU.Build.0 = Release|Any CPU
		{70E0E2BE-B346-4AFF-83BA-79E078203A39}.Debug|Any CPU.ActiveCfg = Debug|Any CPU
		{70E0E2BE-B346-4AFF-83BA-79E078203A39}.Debug|Any CPU.Build.0 = Debug|Any CPU
		{70E0E2BE-B346-4AFF-83BA-79E078203A39}.Release|Any CPU.ActiveCfg = Release|Any CPU
		{70E0E2BE-B346-4AFF-83BA-79E078203A39}.Release|Any CPU.Build.0 = Release|Any CPU
		{091BA36D-3FF4-4B57-B293-0D2AC8624CE4}.Debug|Any CPU.ActiveCfg = Debug|Any CPU
		{091BA36D-3FF4-4B57-B293-0D2AC8624CE4}.Debug|Any CPU.Build.0 = Debug|Any CPU
		{091BA36D-3FF4-4B57-B293-0D2AC8624CE4}.Release|Any CPU.ActiveCfg = Release|Any CPU
		{091BA36D-3FF4-4B57-B293-0D2AC8624CE4}.Release|Any CPU.Build.0 = Release|Any CPU
	EndGlobalSection
	GlobalSection(SolutionProperties) = preSolution
		HideSolutionNode = FALSE
	EndGlobalSection
	GlobalSection(ExtensibilityGlobals) = postSolution
		SolutionGuid = {78286C82-345B-40FC-85B3-A12529DC4CB4}
	EndGlobalSection
EndGlobal
